// !$*UTF8*$!
{
	archiveVersion = 1;
	classes = {
	};
	objectVersion = 50;
	objects = {

/* Begin PBXBuildFile section */
		02091EBB25DC5B80009F2FFC /* SFBottomSheet.h in Headers */ = {isa = PBXBuildFile; fileRef = 02091EAD25DC5B80009F2FFC /* SFBottomSheet.h */; settings = {ATTRIBUTES = (Public, ); }; };
		02091ECD25DC5C5B009F2FFC /* AppDelegate.swift in Sources */ = {isa = PBXBuildFile; fileRef = 02091ECC25DC5C5B009F2FFC /* AppDelegate.swift */; };
		02091ED125DC5C5B009F2FFC /* ViewController.swift in Sources */ = {isa = PBXBuildFile; fileRef = 02091ED025DC5C5B009F2FFC /* ViewController.swift */; };
		02091ED425DC5C5B009F2FFC /* Main.storyboard in Resources */ = {isa = PBXBuildFile; fileRef = 02091ED225DC5C5B009F2FFC /* Main.storyboard */; };
		02091ED625DC5C5D009F2FFC /* Assets.xcassets in Resources */ = {isa = PBXBuildFile; fileRef = 02091ED525DC5C5D009F2FFC /* Assets.xcassets */; };
		02091ED925DC5C5D009F2FFC /* LaunchScreen.storyboard in Resources */ = {isa = PBXBuildFile; fileRef = 02091ED725DC5C5D009F2FFC /* LaunchScreen.storyboard */; };
		02091EEA25DC6256009F2FFC /* SFBottomSheetViewController.swift in Sources */ = {isa = PBXBuildFile; fileRef = 02091EE825DC6256009F2FFC /* SFBottomSheetViewController.swift */; };
		02091EEB25DC6256009F2FFC /* SFBottomSheetViewController.xib in Resources */ = {isa = PBXBuildFile; fileRef = 02091EE925DC6256009F2FFC /* SFBottomSheetViewController.xib */; };
		02091EFD25DC62C3009F2FFC /* PopupErrorViewModel.swift in Sources */ = {isa = PBXBuildFile; fileRef = 02091EF025DC62C2009F2FFC /* PopupErrorViewModel.swift */; };
		02091EFE25DC62C3009F2FFC /* PopupErrorViewController.swift in Sources */ = {isa = PBXBuildFile; fileRef = 02091EF125DC62C2009F2FFC /* PopupErrorViewController.swift */; };
		02091EFF25DC62C3009F2FFC /* PopupErrorViewController.xib in Resources */ = {isa = PBXBuildFile; fileRef = 02091EF225DC62C2009F2FFC /* PopupErrorViewController.xib */; };
		02091F0425DC62C3009F2FFC /* SFBottomSheetListViewModel.swift in Sources */ = {isa = PBXBuildFile; fileRef = 02091EFB25DC62C3009F2FFC /* SFBottomSheetListViewModel.swift */; };
		02091F0525DC62C3009F2FFC /* SFBottomSheetListViewController.swift in Sources */ = {isa = PBXBuildFile; fileRef = 02091EFC25DC62C3009F2FFC /* SFBottomSheetListViewController.swift */; };
		02091F2B25DC726B009F2FFC /* SFBottomSheetViewController.swift in Sources */ = {isa = PBXBuildFile; fileRef = 02091EE825DC6256009F2FFC /* SFBottomSheetViewController.swift */; };
		02091F2F25DC726F009F2FFC /* SFBottomSheetViewController.xib in Resources */ = {isa = PBXBuildFile; fileRef = 02091EE925DC6256009F2FFC /* SFBottomSheetViewController.xib */; };
		027058FC25DD8789005E2ECE /* SFBottomSheetConfigurator.swift in Sources */ = {isa = PBXBuildFile; fileRef = 027058FB25DD8789005E2ECE /* SFBottomSheetConfigurator.swift */; };
		0270590025DD8806005E2ECE /* SFBottomSheetConfigurator.swift in Sources */ = {isa = PBXBuildFile; fileRef = 027058FB25DD8789005E2ECE /* SFBottomSheetConfigurator.swift */; };
		0270591725DDA6EE005E2ECE /* Constants.swift in Sources */ = {isa = PBXBuildFile; fileRef = 0270591625DDA6EE005E2ECE /* Constants.swift */; };
		0270593F25DDAEFF005E2ECE /* SFBottomSheetListViewController.xib in Resources */ = {isa = PBXBuildFile; fileRef = 0270593E25DDAEFF005E2ECE /* SFBottomSheetListViewController.xib */; };
		0270595125DDC424005E2ECE /* SFBottomSheetListTableViewCell.swift in Sources */ = {isa = PBXBuildFile; fileRef = 0270594F25DDC424005E2ECE /* SFBottomSheetListTableViewCell.swift */; };
		0270595225DDC424005E2ECE /* SFBottomSheetListTableViewCell.xib in Resources */ = {isa = PBXBuildFile; fileRef = 0270595025DDC424005E2ECE /* SFBottomSheetListTableViewCell.xib */; };
		0270597B25DE57DC005E2ECE /* SFBottomSheetGridViewController.swift in Sources */ = {isa = PBXBuildFile; fileRef = 0270597925DE57DC005E2ECE /* SFBottomSheetGridViewController.swift */; };
		0270597C25DE57DC005E2ECE /* SFBottomSheetGridViewController.xib in Resources */ = {isa = PBXBuildFile; fileRef = 0270597A25DE57DC005E2ECE /* SFBottomSheetGridViewController.xib */; };
		0270598F25DE5AC6005E2ECE /* SFBottomSheetGridCollectionViewCell.swift in Sources */ = {isa = PBXBuildFile; fileRef = 0270598D25DE5AC6005E2ECE /* SFBottomSheetGridCollectionViewCell.swift */; };
		0270599025DE5AC6005E2ECE /* SFBottomSheetGridCollectionViewCell.xib in Resources */ = {isa = PBXBuildFile; fileRef = 0270598E25DE5AC6005E2ECE /* SFBottomSheetGridCollectionViewCell.xib */; };
		027059AE25DE6852005E2ECE /* PopupTextFieldViewController.swift in Sources */ = {isa = PBXBuildFile; fileRef = 027059AC25DE6852005E2ECE /* PopupTextFieldViewController.swift */; };
		027059AF25DE6852005E2ECE /* PopupTextFieldViewController.xib in Resources */ = {isa = PBXBuildFile; fileRef = 027059AD25DE6852005E2ECE /* PopupTextFieldViewController.xib */; };
		02AA4DD2261528F10046C4C7 /* SFBottomSheetDemoTests.swift in Sources */ = {isa = PBXBuildFile; fileRef = 02AA4DD1261528F10046C4C7 /* SFBottomSheetDemoTests.swift */; };
/* End PBXBuildFile section */

/* Begin PBXContainerItemProxy section */
		02AA4DD4261528F10046C4C7 /* PBXContainerItemProxy */ = {
			isa = PBXContainerItemProxy;
			containerPortal = 02091EA125DC5B80009F2FFC /* Project object */;
			proxyType = 1;
			remoteGlobalIDString = 02091EC925DC5C5B009F2FFC;
			remoteInfo = SFBottomSheetDemo;
		};
/* End PBXContainerItemProxy section */

/* Begin PBXFileReference section */
		02091EAA25DC5B80009F2FFC /* SFBottomSheet.framework */ = {isa = PBXFileReference; explicitFileType = wrapper.framework; includeInIndex = 0; path = SFBottomSheet.framework; sourceTree = BUILT_PRODUCTS_DIR; };
		02091EAD25DC5B80009F2FFC /* SFBottomSheet.h */ = {isa = PBXFileReference; lastKnownFileType = sourcecode.c.h; path = SFBottomSheet.h; sourceTree = "<group>"; };
		02091EAE25DC5B80009F2FFC /* Info.plist */ = {isa = PBXFileReference; lastKnownFileType = text.plist.xml; path = Info.plist; sourceTree = "<group>"; };
		02091ECA25DC5C5B009F2FFC /* SFBottomSheetDemo.app */ = {isa = PBXFileReference; explicitFileType = wrapper.application; includeInIndex = 0; path = SFBottomSheetDemo.app; sourceTree = BUILT_PRODUCTS_DIR; };
		02091ECC25DC5C5B009F2FFC /* AppDelegate.swift */ = {isa = PBXFileReference; lastKnownFileType = sourcecode.swift; path = AppDelegate.swift; sourceTree = "<group>"; };
		02091ED025DC5C5B009F2FFC /* ViewController.swift */ = {isa = PBXFileReference; lastKnownFileType = sourcecode.swift; path = ViewController.swift; sourceTree = "<group>"; };
		02091ED325DC5C5B009F2FFC /* Base */ = {isa = PBXFileReference; lastKnownFileType = file.storyboard; name = Base; path = Base.lproj/Main.storyboard; sourceTree = "<group>"; };
		02091ED525DC5C5D009F2FFC /* Assets.xcassets */ = {isa = PBXFileReference; lastKnownFileType = folder.assetcatalog; path = Assets.xcassets; sourceTree = "<group>"; };
		02091ED825DC5C5D009F2FFC /* Base */ = {isa = PBXFileReference; lastKnownFileType = file.storyboard; name = Base; path = Base.lproj/LaunchScreen.storyboard; sourceTree = "<group>"; };
		02091EDA25DC5C5D009F2FFC /* Info.plist */ = {isa = PBXFileReference; lastKnownFileType = text.plist.xml; path = Info.plist; sourceTree = "<group>"; };
		02091EE825DC6256009F2FFC /* SFBottomSheetViewController.swift */ = {isa = PBXFileReference; lastKnownFileType = sourcecode.swift; path = SFBottomSheetViewController.swift; sourceTree = "<group>"; };
		02091EE925DC6256009F2FFC /* SFBottomSheetViewController.xib */ = {isa = PBXFileReference; lastKnownFileType = file.xib; path = SFBottomSheetViewController.xib; sourceTree = "<group>"; };
		02091EF025DC62C2009F2FFC /* PopupErrorViewModel.swift */ = {isa = PBXFileReference; fileEncoding = 4; lastKnownFileType = sourcecode.swift; path = PopupErrorViewModel.swift; sourceTree = "<group>"; };
		02091EF125DC62C2009F2FFC /* PopupErrorViewController.swift */ = {isa = PBXFileReference; fileEncoding = 4; lastKnownFileType = sourcecode.swift; path = PopupErrorViewController.swift; sourceTree = "<group>"; };
		02091EF225DC62C2009F2FFC /* PopupErrorViewController.xib */ = {isa = PBXFileReference; fileEncoding = 4; lastKnownFileType = file.xib; path = PopupErrorViewController.xib; sourceTree = "<group>"; };
		02091EFB25DC62C3009F2FFC /* SFBottomSheetListViewModel.swift */ = {isa = PBXFileReference; fileEncoding = 4; lastKnownFileType = sourcecode.swift; path = SFBottomSheetListViewModel.swift; sourceTree = "<group>"; };
		02091EFC25DC62C3009F2FFC /* SFBottomSheetListViewController.swift */ = {isa = PBXFileReference; fileEncoding = 4; lastKnownFileType = sourcecode.swift; path = SFBottomSheetListViewController.swift; sourceTree = "<group>"; };
		027058FB25DD8789005E2ECE /* SFBottomSheetConfigurator.swift */ = {isa = PBXFileReference; lastKnownFileType = sourcecode.swift; path = SFBottomSheetConfigurator.swift; sourceTree = "<group>"; };
		0270591625DDA6EE005E2ECE /* Constants.swift */ = {isa = PBXFileReference; lastKnownFileType = sourcecode.swift; path = Constants.swift; sourceTree = "<group>"; };
		0270593E25DDAEFF005E2ECE /* SFBottomSheetListViewController.xib */ = {isa = PBXFileReference; lastKnownFileType = file.xib; path = SFBottomSheetListViewController.xib; sourceTree = "<group>"; };
		0270594F25DDC424005E2ECE /* SFBottomSheetListTableViewCell.swift */ = {isa = PBXFileReference; lastKnownFileType = sourcecode.swift; path = SFBottomSheetListTableViewCell.swift; sourceTree = "<group>"; };
		0270595025DDC424005E2ECE /* SFBottomSheetListTableViewCell.xib */ = {isa = PBXFileReference; lastKnownFileType = file.xib; path = SFBottomSheetListTableViewCell.xib; sourceTree = "<group>"; };
		0270597925DE57DC005E2ECE /* SFBottomSheetGridViewController.swift */ = {isa = PBXFileReference; lastKnownFileType = sourcecode.swift; path = SFBottomSheetGridViewController.swift; sourceTree = "<group>"; };
		0270597A25DE57DC005E2ECE /* SFBottomSheetGridViewController.xib */ = {isa = PBXFileReference; lastKnownFileType = file.xib; path = SFBottomSheetGridViewController.xib; sourceTree = "<group>"; };
		0270598D25DE5AC6005E2ECE /* SFBottomSheetGridCollectionViewCell.swift */ = {isa = PBXFileReference; lastKnownFileType = sourcecode.swift; path = SFBottomSheetGridCollectionViewCell.swift; sourceTree = "<group>"; };
		0270598E25DE5AC6005E2ECE /* SFBottomSheetGridCollectionViewCell.xib */ = {isa = PBXFileReference; lastKnownFileType = file.xib; path = SFBottomSheetGridCollectionViewCell.xib; sourceTree = "<group>"; };
		027059AC25DE6852005E2ECE /* PopupTextFieldViewController.swift */ = {isa = PBXFileReference; fileEncoding = 4; lastKnownFileType = sourcecode.swift; path = PopupTextFieldViewController.swift; sourceTree = "<group>"; };
		027059AD25DE6852005E2ECE /* PopupTextFieldViewController.xib */ = {isa = PBXFileReference; fileEncoding = 4; lastKnownFileType = file.xib; path = PopupTextFieldViewController.xib; sourceTree = "<group>"; };
		02AA4DCF261528F10046C4C7 /* SFBottomSheetDemoTests.xctest */ = {isa = PBXFileReference; explicitFileType = wrapper.cfbundle; includeInIndex = 0; path = SFBottomSheetDemoTests.xctest; sourceTree = BUILT_PRODUCTS_DIR; };
		02AA4DD1261528F10046C4C7 /* SFBottomSheetDemoTests.swift */ = {isa = PBXFileReference; lastKnownFileType = sourcecode.swift; path = SFBottomSheetDemoTests.swift; sourceTree = "<group>"; };
		02AA4DD3261528F10046C4C7 /* Info.plist */ = {isa = PBXFileReference; lastKnownFileType = text.plist.xml; path = Info.plist; sourceTree = "<group>"; };
/* End PBXFileReference section */

/* Begin PBXFrameworksBuildPhase section */
		02091EA725DC5B80009F2FFC /* Frameworks */ = {
			isa = PBXFrameworksBuildPhase;
			buildActionMask = 2147483647;
			files = (
			);
			runOnlyForDeploymentPostprocessing = 0;
		};
		02091EC725DC5C5B009F2FFC /* Frameworks */ = {
			isa = PBXFrameworksBuildPhase;
			buildActionMask = 2147483647;
			files = (
			);
			runOnlyForDeploymentPostprocessing = 0;
		};
		02AA4DCC261528F10046C4C7 /* Frameworks */ = {
			isa = PBXFrameworksBuildPhase;
			buildActionMask = 2147483647;
			files = (
			);
			runOnlyForDeploymentPostprocessing = 0;
		};
/* End PBXFrameworksBuildPhase section */

/* Begin PBXGroup section */
		02091EA025DC5B80009F2FFC = {
			isa = PBXGroup;
			children = (
				02091EAC25DC5B80009F2FFC /* SFBottomSheet */,
				02091ECB25DC5C5B009F2FFC /* SFBottomSheetDemo */,
				02AA4DD0261528F10046C4C7 /* SFBottomSheetDemoTests */,
				02091EAB25DC5B80009F2FFC /* Products */,
			);
			sourceTree = "<group>";
		};
		02091EAB25DC5B80009F2FFC /* Products */ = {
			isa = PBXGroup;
			children = (
				02091EAA25DC5B80009F2FFC /* SFBottomSheet.framework */,
				02091ECA25DC5C5B009F2FFC /* SFBottomSheetDemo.app */,
				02AA4DCF261528F10046C4C7 /* SFBottomSheetDemoTests.xctest */,
			);
			name = Products;
			sourceTree = "<group>";
		};
		02091EAC25DC5B80009F2FFC /* SFBottomSheet */ = {
			isa = PBXGroup;
			children = (
				02091F3925DD116F009F2FFC /* Configuration */,
				02091EAD25DC5B80009F2FFC /* SFBottomSheet.h */,
				02091EAE25DC5B80009F2FFC /* Info.plist */,
				02091EE825DC6256009F2FFC /* SFBottomSheetViewController.swift */,
				02091EE925DC6256009F2FFC /* SFBottomSheetViewController.xib */,
			);
			path = SFBottomSheet;
			sourceTree = "<group>";
		};
		02091ECB25DC5C5B009F2FFC /* SFBottomSheetDemo */ = {
			isa = PBXGroup;
			children = (
				02091F1225DC70BB009F2FFC /* Childs */,
				02091ECC25DC5C5B009F2FFC /* AppDelegate.swift */,
				02091ED025DC5C5B009F2FFC /* ViewController.swift */,
				02091ED225DC5C5B009F2FFC /* Main.storyboard */,
				02091ED525DC5C5D009F2FFC /* Assets.xcassets */,
				02091ED725DC5C5D009F2FFC /* LaunchScreen.storyboard */,
				02091EDA25DC5C5D009F2FFC /* Info.plist */,
				0270591625DDA6EE005E2ECE /* Constants.swift */,
			);
			path = SFBottomSheetDemo;
			sourceTree = "<group>";
		};
		02091EEF25DC62C2009F2FFC /* PopupErrorContainer */ = {
			isa = PBXGroup;
			children = (
				02091EF025DC62C2009F2FFC /* PopupErrorViewModel.swift */,
				02091EF125DC62C2009F2FFC /* PopupErrorViewController.swift */,
				02091EF225DC62C2009F2FFC /* PopupErrorViewController.xib */,
			);
			path = PopupErrorContainer;
			sourceTree = "<group>";
		};
		02091EF325DC62C3009F2FFC /* SFBottomSheetListViews */ = {
			isa = PBXGroup;
			children = (
				02091EF425DC62C3009F2FFC /* Cells */,
				02091EFB25DC62C3009F2FFC /* SFBottomSheetListViewModel.swift */,
				02091EFC25DC62C3009F2FFC /* SFBottomSheetListViewController.swift */,
				0270593E25DDAEFF005E2ECE /* SFBottomSheetListViewController.xib */,
			);
			path = SFBottomSheetListViews;
			sourceTree = "<group>";
		};
		02091EF425DC62C3009F2FFC /* Cells */ = {
			isa = PBXGroup;
			children = (
				02091EF825DC62C3009F2FFC /* SFBottomSheetTableViewCell */,
			);
			path = Cells;
			sourceTree = "<group>";
		};
		02091EF825DC62C3009F2FFC /* SFBottomSheetTableViewCell */ = {
			isa = PBXGroup;
			children = (
				0270594F25DDC424005E2ECE /* SFBottomSheetListTableViewCell.swift */,
				0270595025DDC424005E2ECE /* SFBottomSheetListTableViewCell.xib */,
			);
			path = SFBottomSheetTableViewCell;
			sourceTree = "<group>";
		};
		02091F1225DC70BB009F2FFC /* Childs */ = {
			isa = PBXGroup;
			children = (
				027059AB25DE682E005E2ECE /* PopupTextFieldContainer */,
				02091EEF25DC62C2009F2FFC /* PopupErrorContainer */,
				02091EF325DC62C3009F2FFC /* SFBottomSheetListViews */,
				0270596B25DE5727005E2ECE /* SFBottomSheetGridViews */,
			);
			path = Childs;
			sourceTree = "<group>";
		};
		02091F3925DD116F009F2FFC /* Configuration */ = {
			isa = PBXGroup;
			children = (
				027058FB25DD8789005E2ECE /* SFBottomSheetConfigurator.swift */,
			);
			path = Configuration;
			sourceTree = "<group>";
		};
		0270596B25DE5727005E2ECE /* SFBottomSheetGridViews */ = {
			isa = PBXGroup;
			children = (
				0270598025DE5822005E2ECE /* SFBottomSheetGridCollectionViewCell */,
				0270597925DE57DC005E2ECE /* SFBottomSheetGridViewController.swift */,
				0270597A25DE57DC005E2ECE /* SFBottomSheetGridViewController.xib */,
			);
			path = SFBottomSheetGridViews;
			sourceTree = "<group>";
		};
		0270598025DE5822005E2ECE /* SFBottomSheetGridCollectionViewCell */ = {
			isa = PBXGroup;
			children = (
				0270598D25DE5AC6005E2ECE /* SFBottomSheetGridCollectionViewCell.swift */,
				0270598E25DE5AC6005E2ECE /* SFBottomSheetGridCollectionViewCell.xib */,
			);
			path = SFBottomSheetGridCollectionViewCell;
			sourceTree = "<group>";
		};
		027059AB25DE682E005E2ECE /* PopupTextFieldContainer */ = {
			isa = PBXGroup;
			children = (
				027059AC25DE6852005E2ECE /* PopupTextFieldViewController.swift */,
				027059AD25DE6852005E2ECE /* PopupTextFieldViewController.xib */,
			);
			path = PopupTextFieldContainer;
			sourceTree = "<group>";
		};
		02AA4DD0261528F10046C4C7 /* SFBottomSheetDemoTests */ = {
			isa = PBXGroup;
			children = (
				02AA4DD1261528F10046C4C7 /* SFBottomSheetDemoTests.swift */,
				02AA4DD3261528F10046C4C7 /* Info.plist */,
			);
			path = SFBottomSheetDemoTests;
			sourceTree = "<group>";
		};
/* End PBXGroup section */

/* Begin PBXHeadersBuildPhase section */
		02091EA525DC5B80009F2FFC /* Headers */ = {
			isa = PBXHeadersBuildPhase;
			buildActionMask = 2147483647;
			files = (
				02091EBB25DC5B80009F2FFC /* SFBottomSheet.h in Headers */,
			);
			runOnlyForDeploymentPostprocessing = 0;
		};
/* End PBXHeadersBuildPhase section */

/* Begin PBXNativeTarget section */
		02091EA925DC5B80009F2FFC /* SFBottomSheet */ = {
			isa = PBXNativeTarget;
			buildConfigurationList = 02091EBE25DC5B80009F2FFC /* Build configuration list for PBXNativeTarget "SFBottomSheet" */;
			buildPhases = (
				02091EA525DC5B80009F2FFC /* Headers */,
				02091EA625DC5B80009F2FFC /* Sources */,
				02091EA725DC5B80009F2FFC /* Frameworks */,
				02091EA825DC5B80009F2FFC /* Resources */,
			);
			buildRules = (
			);
			dependencies = (
			);
			name = SFBottomSheet;
			productName = SFBottomSheet;
			productReference = 02091EAA25DC5B80009F2FFC /* SFBottomSheet.framework */;
			productType = "com.apple.product-type.framework";
		};
		02091EC925DC5C5B009F2FFC /* SFBottomSheetDemo */ = {
			isa = PBXNativeTarget;
			buildConfigurationList = 02091EDB25DC5C5D009F2FFC /* Build configuration list for PBXNativeTarget "SFBottomSheetDemo" */;
			buildPhases = (
				02091EC625DC5C5B009F2FFC /* Sources */,
				02091EC725DC5C5B009F2FFC /* Frameworks */,
				02091EC825DC5C5B009F2FFC /* Resources */,
			);
			buildRules = (
			);
			dependencies = (
			);
			name = SFBottomSheetDemo;
			productName = SFBottomSheetDemo;
			productReference = 02091ECA25DC5C5B009F2FFC /* SFBottomSheetDemo.app */;
			productType = "com.apple.product-type.application";
		};
		02AA4DCE261528F10046C4C7 /* SFBottomSheetDemoTests */ = {
			isa = PBXNativeTarget;
			buildConfigurationList = 02AA4DD8261528F10046C4C7 /* Build configuration list for PBXNativeTarget "SFBottomSheetDemoTests" */;
			buildPhases = (
				02AA4DCB261528F10046C4C7 /* Sources */,
				02AA4DCC261528F10046C4C7 /* Frameworks */,
				02AA4DCD261528F10046C4C7 /* Resources */,
			);
			buildRules = (
			);
			dependencies = (
				02AA4DD5261528F10046C4C7 /* PBXTargetDependency */,
			);
			name = SFBottomSheetDemoTests;
			productName = SFBottomSheetDemoTests;
			productReference = 02AA4DCF261528F10046C4C7 /* SFBottomSheetDemoTests.xctest */;
			productType = "com.apple.product-type.bundle.unit-test";
		};
/* End PBXNativeTarget section */

/* Begin PBXProject section */
		02091EA125DC5B80009F2FFC /* Project object */ = {
			isa = PBXProject;
			attributes = {
				LastSwiftUpdateCheck = 1240;
				LastUpgradeCheck = 1230;
				TargetAttributes = {
					02091EA925DC5B80009F2FFC = {
						CreatedOnToolsVersion = 12.3;
						LastSwiftMigration = 1230;
					};
					02091EC925DC5C5B009F2FFC = {
						CreatedOnToolsVersion = 12.3;
					};
					02AA4DCE261528F10046C4C7 = {
						CreatedOnToolsVersion = 12.4;
						TestTargetID = 02091EC925DC5C5B009F2FFC;
					};
				};
			};
			buildConfigurationList = 02091EA425DC5B80009F2FFC /* Build configuration list for PBXProject "SFBottomSheet" */;
			compatibilityVersion = "Xcode 9.3";
			developmentRegion = en;
			hasScannedForEncodings = 0;
			knownRegions = (
				en,
				Base,
			);
			mainGroup = 02091EA025DC5B80009F2FFC;
			productRefGroup = 02091EAB25DC5B80009F2FFC /* Products */;
			projectDirPath = "";
			projectRoot = "";
			targets = (
				02091EA925DC5B80009F2FFC /* SFBottomSheet */,
				02091EC925DC5C5B009F2FFC /* SFBottomSheetDemo */,
				02AA4DCE261528F10046C4C7 /* SFBottomSheetDemoTests */,
			);
		};
/* End PBXProject section */

/* Begin PBXResourcesBuildPhase section */
		02091EA825DC5B80009F2FFC /* Resources */ = {
			isa = PBXResourcesBuildPhase;
			buildActionMask = 2147483647;
			files = (
				02091EEB25DC6256009F2FFC /* SFBottomSheetViewController.xib in Resources */,
			);
			runOnlyForDeploymentPostprocessing = 0;
		};
		02091EC825DC5C5B009F2FFC /* Resources */ = {
			isa = PBXResourcesBuildPhase;
			buildActionMask = 2147483647;
			files = (
				027059AF25DE6852005E2ECE /* PopupTextFieldViewController.xib in Resources */,
				02091ED925DC5C5D009F2FFC /* LaunchScreen.storyboard in Resources */,
				02091ED625DC5C5D009F2FFC /* Assets.xcassets in Resources */,
				02091EFF25DC62C3009F2FFC /* PopupErrorViewController.xib in Resources */,
				0270599025DE5AC6005E2ECE /* SFBottomSheetGridCollectionViewCell.xib in Resources */,
				02091F2F25DC726F009F2FFC /* SFBottomSheetViewController.xib in Resources */,
				0270595225DDC424005E2ECE /* SFBottomSheetListTableViewCell.xib in Resources */,
				0270593F25DDAEFF005E2ECE /* SFBottomSheetListViewController.xib in Resources */,
				02091ED425DC5C5B009F2FFC /* Main.storyboard in Resources */,
				0270597C25DE57DC005E2ECE /* SFBottomSheetGridViewController.xib in Resources */,
			);
			runOnlyForDeploymentPostprocessing = 0;
		};
		02AA4DCD261528F10046C4C7 /* Resources */ = {
			isa = PBXResourcesBuildPhase;
			buildActionMask = 2147483647;
			files = (
			);
			runOnlyForDeploymentPostprocessing = 0;
		};
/* End PBXResourcesBuildPhase section */

/* Begin PBXSourcesBuildPhase section */
		02091EA625DC5B80009F2FFC /* Sources */ = {
			isa = PBXSourcesBuildPhase;
			buildActionMask = 2147483647;
			files = (
				02091EEA25DC6256009F2FFC /* SFBottomSheetViewController.swift in Sources */,
				027058FC25DD8789005E2ECE /* SFBottomSheetConfigurator.swift in Sources */,
			);
			runOnlyForDeploymentPostprocessing = 0;
		};
		02091EC625DC5C5B009F2FFC /* Sources */ = {
			isa = PBXSourcesBuildPhase;
			buildActionMask = 2147483647;
			files = (
				02091ED125DC5C5B009F2FFC /* ViewController.swift in Sources */,
				02091ECD25DC5C5B009F2FFC /* AppDelegate.swift in Sources */,
				027059AE25DE6852005E2ECE /* PopupTextFieldViewController.swift in Sources */,
				02091F2B25DC726B009F2FFC /* SFBottomSheetViewController.swift in Sources */,
				02091EFD25DC62C3009F2FFC /* PopupErrorViewModel.swift in Sources */,
				0270591725DDA6EE005E2ECE /* Constants.swift in Sources */,
				0270597B25DE57DC005E2ECE /* SFBottomSheetGridViewController.swift in Sources */,
				0270590025DD8806005E2ECE /* SFBottomSheetConfigurator.swift in Sources */,
				02091F0525DC62C3009F2FFC /* SFBottomSheetListViewController.swift in Sources */,
				0270598F25DE5AC6005E2ECE /* SFBottomSheetGridCollectionViewCell.swift in Sources */,
				02091EFE25DC62C3009F2FFC /* PopupErrorViewController.swift in Sources */,
				02091F0425DC62C3009F2FFC /* SFBottomSheetListViewModel.swift in Sources */,
				0270595125DDC424005E2ECE /* SFBottomSheetListTableViewCell.swift in Sources */,
			);
			runOnlyForDeploymentPostprocessing = 0;
		};
		02AA4DCB261528F10046C4C7 /* Sources */ = {
			isa = PBXSourcesBuildPhase;
			buildActionMask = 2147483647;
			files = (
				02AA4DD2261528F10046C4C7 /* SFBottomSheetDemoTests.swift in Sources */,
			);
			runOnlyForDeploymentPostprocessing = 0;
		};
/* End PBXSourcesBuildPhase section */

/* Begin PBXTargetDependency section */
		02AA4DD5261528F10046C4C7 /* PBXTargetDependency */ = {
			isa = PBXTargetDependency;
			target = 02091EC925DC5C5B009F2FFC /* SFBottomSheetDemo */;
			targetProxy = 02AA4DD4261528F10046C4C7 /* PBXContainerItemProxy */;
		};
/* End PBXTargetDependency section */

/* Begin PBXVariantGroup section */
		02091ED225DC5C5B009F2FFC /* Main.storyboard */ = {
			isa = PBXVariantGroup;
			children = (
				02091ED325DC5C5B009F2FFC /* Base */,
			);
			name = Main.storyboard;
			sourceTree = "<group>";
		};
		02091ED725DC5C5D009F2FFC /* LaunchScreen.storyboard */ = {
			isa = PBXVariantGroup;
			children = (
				02091ED825DC5C5D009F2FFC /* Base */,
			);
			name = LaunchScreen.storyboard;
			sourceTree = "<group>";
		};
/* End PBXVariantGroup section */

/* Begin XCBuildConfiguration section */
		02091EBC25DC5B80009F2FFC /* Debug */ = {
			isa = XCBuildConfiguration;
			buildSettings = {
				ALWAYS_SEARCH_USER_PATHS = NO;
				CLANG_ANALYZER_NONNULL = YES;
				CLANG_ANALYZER_NUMBER_OBJECT_CONVERSION = YES_AGGRESSIVE;
				CLANG_CXX_LANGUAGE_STANDARD = "gnu++14";
				CLANG_CXX_LIBRARY = "libc++";
				CLANG_ENABLE_MODULES = YES;
				CLANG_ENABLE_OBJC_ARC = YES;
				CLANG_ENABLE_OBJC_WEAK = YES;
				CLANG_WARN_BLOCK_CAPTURE_AUTORELEASING = YES;
				CLANG_WARN_BOOL_CONVERSION = YES;
				CLANG_WARN_COMMA = YES;
				CLANG_WARN_CONSTANT_CONVERSION = YES;
				CLANG_WARN_DEPRECATED_OBJC_IMPLEMENTATIONS = YES;
				CLANG_WARN_DIRECT_OBJC_ISA_USAGE = YES_ERROR;
				CLANG_WARN_DOCUMENTATION_COMMENTS = YES;
				CLANG_WARN_EMPTY_BODY = YES;
				CLANG_WARN_ENUM_CONVERSION = YES;
				CLANG_WARN_INFINITE_RECURSION = YES;
				CLANG_WARN_INT_CONVERSION = YES;
				CLANG_WARN_NON_LITERAL_NULL_CONVERSION = YES;
				CLANG_WARN_OBJC_IMPLICIT_RETAIN_SELF = YES;
				CLANG_WARN_OBJC_LITERAL_CONVERSION = YES;
				CLANG_WARN_OBJC_ROOT_CLASS = YES_ERROR;
				CLANG_WARN_QUOTED_INCLUDE_IN_FRAMEWORK_HEADER = YES;
				CLANG_WARN_RANGE_LOOP_ANALYSIS = YES;
				CLANG_WARN_STRICT_PROTOTYPES = YES;
				CLANG_WARN_SUSPICIOUS_MOVE = YES;
				CLANG_WARN_UNGUARDED_AVAILABILITY = YES_AGGRESSIVE;
				CLANG_WARN_UNREACHABLE_CODE = YES;
				CLANG_WARN__DUPLICATE_METHOD_MATCH = YES;
				COPY_PHASE_STRIP = NO;
				CURRENT_PROJECT_VERSION = 1;
				DEBUG_INFORMATION_FORMAT = dwarf;
				ENABLE_STRICT_OBJC_MSGSEND = YES;
				ENABLE_TESTABILITY = YES;
				GCC_C_LANGUAGE_STANDARD = gnu11;
				GCC_DYNAMIC_NO_PIC = NO;
				GCC_NO_COMMON_BLOCKS = YES;
				GCC_OPTIMIZATION_LEVEL = 0;
				GCC_PREPROCESSOR_DEFINITIONS = (
					"DEBUG=1",
					"$(inherited)",
				);
				GCC_WARN_64_TO_32_BIT_CONVERSION = YES;
				GCC_WARN_ABOUT_RETURN_TYPE = YES_ERROR;
				GCC_WARN_UNDECLARED_SELECTOR = YES;
				GCC_WARN_UNINITIALIZED_AUTOS = YES_AGGRESSIVE;
				GCC_WARN_UNUSED_FUNCTION = YES;
				GCC_WARN_UNUSED_VARIABLE = YES;
				IPHONEOS_DEPLOYMENT_TARGET = 14.3;
				MTL_ENABLE_DEBUG_INFO = INCLUDE_SOURCE;
				MTL_FAST_MATH = YES;
				ONLY_ACTIVE_ARCH = YES;
				SDKROOT = iphoneos;
				SWIFT_ACTIVE_COMPILATION_CONDITIONS = DEBUG;
				SWIFT_OPTIMIZATION_LEVEL = "-Onone";
				VERSIONING_SYSTEM = "apple-generic";
				VERSION_INFO_PREFIX = "";
			};
			name = Debug;
		};
		02091EBD25DC5B80009F2FFC /* Release */ = {
			isa = XCBuildConfiguration;
			buildSettings = {
				ALWAYS_SEARCH_USER_PATHS = NO;
				CLANG_ANALYZER_NONNULL = YES;
				CLANG_ANALYZER_NUMBER_OBJECT_CONVERSION = YES_AGGRESSIVE;
				CLANG_CXX_LANGUAGE_STANDARD = "gnu++14";
				CLANG_CXX_LIBRARY = "libc++";
				CLANG_ENABLE_MODULES = YES;
				CLANG_ENABLE_OBJC_ARC = YES;
				CLANG_ENABLE_OBJC_WEAK = YES;
				CLANG_WARN_BLOCK_CAPTURE_AUTORELEASING = YES;
				CLANG_WARN_BOOL_CONVERSION = YES;
				CLANG_WARN_COMMA = YES;
				CLANG_WARN_CONSTANT_CONVERSION = YES;
				CLANG_WARN_DEPRECATED_OBJC_IMPLEMENTATIONS = YES;
				CLANG_WARN_DIRECT_OBJC_ISA_USAGE = YES_ERROR;
				CLANG_WARN_DOCUMENTATION_COMMENTS = YES;
				CLANG_WARN_EMPTY_BODY = YES;
				CLANG_WARN_ENUM_CONVERSION = YES;
				CLANG_WARN_INFINITE_RECURSION = YES;
				CLANG_WARN_INT_CONVERSION = YES;
				CLANG_WARN_NON_LITERAL_NULL_CONVERSION = YES;
				CLANG_WARN_OBJC_IMPLICIT_RETAIN_SELF = YES;
				CLANG_WARN_OBJC_LITERAL_CONVERSION = YES;
				CLANG_WARN_OBJC_ROOT_CLASS = YES_ERROR;
				CLANG_WARN_QUOTED_INCLUDE_IN_FRAMEWORK_HEADER = YES;
				CLANG_WARN_RANGE_LOOP_ANALYSIS = YES;
				CLANG_WARN_STRICT_PROTOTYPES = YES;
				CLANG_WARN_SUSPICIOUS_MOVE = YES;
				CLANG_WARN_UNGUARDED_AVAILABILITY = YES_AGGRESSIVE;
				CLANG_WARN_UNREACHABLE_CODE = YES;
				CLANG_WARN__DUPLICATE_METHOD_MATCH = YES;
				COPY_PHASE_STRIP = NO;
				CURRENT_PROJECT_VERSION = 1;
				DEBUG_INFORMATION_FORMAT = "dwarf-with-dsym";
				ENABLE_NS_ASSERTIONS = NO;
				ENABLE_STRICT_OBJC_MSGSEND = YES;
				GCC_C_LANGUAGE_STANDARD = gnu11;
				GCC_NO_COMMON_BLOCKS = YES;
				GCC_WARN_64_TO_32_BIT_CONVERSION = YES;
				GCC_WARN_ABOUT_RETURN_TYPE = YES_ERROR;
				GCC_WARN_UNDECLARED_SELECTOR = YES;
				GCC_WARN_UNINITIALIZED_AUTOS = YES_AGGRESSIVE;
				GCC_WARN_UNUSED_FUNCTION = YES;
				GCC_WARN_UNUSED_VARIABLE = YES;
				IPHONEOS_DEPLOYMENT_TARGET = 14.3;
				MTL_ENABLE_DEBUG_INFO = NO;
				MTL_FAST_MATH = YES;
				SDKROOT = iphoneos;
				SWIFT_COMPILATION_MODE = wholemodule;
				SWIFT_OPTIMIZATION_LEVEL = "-O";
				VALIDATE_PRODUCT = YES;
				VERSIONING_SYSTEM = "apple-generic";
				VERSION_INFO_PREFIX = "";
			};
			name = Release;
		};
		02091EBF25DC5B80009F2FFC /* Debug */ = {
			isa = XCBuildConfiguration;
			buildSettings = {
				CLANG_ENABLE_MODULES = YES;
				CODE_SIGN_STYLE = Automatic;
				DEFINES_MODULE = YES;
				DEVELOPMENT_TEAM = UWBDU93DZY;
				DYLIB_COMPATIBILITY_VERSION = 1;
				DYLIB_CURRENT_VERSION = 1;
				DYLIB_INSTALL_NAME_BASE = "@rpath";
				INFOPLIST_FILE = SFBottomSheet/Info.plist;
				INSTALL_PATH = "$(LOCAL_LIBRARY_DIR)/Frameworks";
				IPHONEOS_DEPLOYMENT_TARGET = 11.0;
				LD_RUNPATH_SEARCH_PATHS = (
					"$(inherited)",
					"@executable_path/Frameworks",
					"@loader_path/Frameworks",
				);
				PRODUCT_BUNDLE_IDENTIFIER = com.scalefocus.SFBottomSheet;
				PRODUCT_NAME = "$(TARGET_NAME:c99extidentifier)";
				SKIP_INSTALL = YES;
				SUPPORTS_MACCATALYST = NO;
				SWIFT_OPTIMIZATION_LEVEL = "-Onone";
				SWIFT_VERSION = 4.2;
				TARGETED_DEVICE_FAMILY = 1;
			};
			name = Debug;
		};
		02091EC025DC5B80009F2FFC /* Release */ = {
			isa = XCBuildConfiguration;
			buildSettings = {
				CLANG_ENABLE_MODULES = YES;
				CODE_SIGN_STYLE = Automatic;
				DEFINES_MODULE = YES;
				DEVELOPMENT_TEAM = UWBDU93DZY;
				DYLIB_COMPATIBILITY_VERSION = 1;
				DYLIB_CURRENT_VERSION = 1;
				DYLIB_INSTALL_NAME_BASE = "@rpath";
				INFOPLIST_FILE = SFBottomSheet/Info.plist;
				INSTALL_PATH = "$(LOCAL_LIBRARY_DIR)/Frameworks";
				IPHONEOS_DEPLOYMENT_TARGET = 11.0;
				LD_RUNPATH_SEARCH_PATHS = (
					"$(inherited)",
					"@executable_path/Frameworks",
					"@loader_path/Frameworks",
				);
				PRODUCT_BUNDLE_IDENTIFIER = com.scalefocus.SFBottomSheet;
				PRODUCT_NAME = "$(TARGET_NAME:c99extidentifier)";
				SKIP_INSTALL = YES;
				SUPPORTS_MACCATALYST = NO;
				SWIFT_VERSION = 4.2;
				TARGETED_DEVICE_FAMILY = 1;
			};
			name = Release;
		};
		02091EDC25DC5C5D009F2FFC /* Debug */ = {
			isa = XCBuildConfiguration;
			buildSettings = {
				ASSETCATALOG_COMPILER_APPICON_NAME = AppIcon;
				ASSETCATALOG_COMPILER_GLOBAL_ACCENT_COLOR_NAME = AccentColor;
				CODE_SIGN_STYLE = Automatic;
				DEVELOPMENT_TEAM = UWBDU93DZY;
				INFOPLIST_FILE = SFBottomSheetDemo/Info.plist;
				IPHONEOS_DEPLOYMENT_TARGET = 11.0;
				LD_RUNPATH_SEARCH_PATHS = (
					"$(inherited)",
					"@executable_path/Frameworks",
				);
				PRODUCT_BUNDLE_IDENTIFIER = com.scalefocus.SFBottomSheetDemo;
				PRODUCT_NAME = "$(TARGET_NAME)";
				SWIFT_VERSION = 4.2;
				TARGETED_DEVICE_FAMILY = 1;
			};
			name = Debug;
		};
		02091EDD25DC5C5D009F2FFC /* Release */ = {
			isa = XCBuildConfiguration;
			buildSettings = {
				ASSETCATALOG_COMPILER_APPICON_NAME = AppIcon;
				ASSETCATALOG_COMPILER_GLOBAL_ACCENT_COLOR_NAME = AccentColor;
				CODE_SIGN_STYLE = Automatic;
				DEVELOPMENT_TEAM = UWBDU93DZY;
				INFOPLIST_FILE = SFBottomSheetDemo/Info.plist;
				IPHONEOS_DEPLOYMENT_TARGET = 11.0;
				LD_RUNPATH_SEARCH_PATHS = (
					"$(inherited)",
					"@executable_path/Frameworks",
				);
				PRODUCT_BUNDLE_IDENTIFIER = com.scalefocus.SFBottomSheetDemo;
				PRODUCT_NAME = "$(TARGET_NAME)";
				SWIFT_VERSION = 4.2;
				TARGETED_DEVICE_FAMILY = 1;
			};
			name = Release;
		};
		02AA4DD6261528F10046C4C7 /* Debug */ = {
			isa = XCBuildConfiguration;
			buildSettings = {
				BUNDLE_LOADER = "$(TEST_HOST)";
				CODE_SIGN_STYLE = Automatic;
				DEVELOPMENT_TEAM = UWBDU93DZY;
				INFOPLIST_FILE = SFBottomSheetDemoTests/Info.plist;
				IPHONEOS_DEPLOYMENT_TARGET = 14.4;
				LD_RUNPATH_SEARCH_PATHS = (
					"$(inherited)",
					"@executable_path/Frameworks",
					"@loader_path/Frameworks",
				);
				PRODUCT_BUNDLE_IDENTIFIER = scalefocus.SFBottomSheetDemoTests;
				PRODUCT_NAME = "$(TARGET_NAME)";
				SWIFT_VERSION = 4.2;
				TARGETED_DEVICE_FAMILY = "1,2";
				TEST_HOST = "$(BUILT_PRODUCTS_DIR)/SFBottomSheetDemo.app/SFBottomSheetDemo";
			};
			name = Debug;
		};
		02AA4DD7261528F10046C4C7 /* Release */ = {
			isa = XCBuildConfiguration;
			buildSettings = {
				BUNDLE_LOADER = "$(TEST_HOST)";
				CODE_SIGN_STYLE = Automatic;
				DEVELOPMENT_TEAM = UWBDU93DZY;
				INFOPLIST_FILE = SFBottomSheetDemoTests/Info.plist;
				IPHONEOS_DEPLOYMENT_TARGET = 14.4;
				LD_RUNPATH_SEARCH_PATHS = (
					"$(inherited)",
					"@executable_path/Frameworks",
					"@loader_path/Frameworks",
				);
				PRODUCT_BUNDLE_IDENTIFIER = scalefocus.SFBottomSheetDemoTests;
				PRODUCT_NAME = "$(TARGET_NAME)";
				SWIFT_VERSION = 4.2;
				TARGETED_DEVICE_FAMILY = "1,2";
				TEST_HOST = "$(BUILT_PRODUCTS_DIR)/SFBottomSheetDemo.app/SFBottomSheetDemo";
			};
			name = Release;
		};
/* End XCBuildConfiguration section */

/* Begin XCConfigurationList section */
		02091EA425DC5B80009F2FFC /* Build configuration list for PBXProject "SFBottomSheet" */ = {
			isa = XCConfigurationList;
			buildConfigurations = (
				02091EBC25DC5B80009F2FFC /* Debug */,
				02091EBD25DC5B80009F2FFC /* Release */,
			);
			defaultConfigurationIsVisible = 0;
			defaultConfigurationName = Release;
		};
		02091EBE25DC5B80009F2FFC /* Build configuration list for PBXNativeTarget "SFBottomSheet" */ = {
			isa = XCConfigurationList;
			buildConfigurations = (
				02091EBF25DC5B80009F2FFC /* Debug */,
				02091EC025DC5B80009F2FFC /* Release */,
			);
			defaultConfigurationIsVisible = 0;
			defaultConfigurationName = Release;
		};
		02091EDB25DC5C5D009F2FFC /* Build configuration list for PBXNativeTarget "SFBottomSheetDemo" */ = {
			isa = XCConfigurationList;
			buildConfigurations = (
				02091EDC25DC5C5D009F2FFC /* Debug */,
				02091EDD25DC5C5D009F2FFC /* Release */,
			);
			defaultConfigurationIsVisible = 0;
			defaultConfigurationName = Release;
		};
		02AA4DD8261528F10046C4C7 /* Build configuration list for PBXNativeTarget "SFBottomSheetDemoTests" */ = {
			isa = XCConfigurationList;
			buildConfigurations = (
				02AA4DD6261528F10046C4C7 /* Debug */,
				02AA4DD7261528F10046C4C7 /* Release */,
			);
			defaultConfigurationIsVisible = 0;
			defaultConfigurationName = Release;
		};
/* End XCConfigurationList section */
	};
	rootObject = 02091EA125DC5B80009F2FFC /* Project object */;
}
